
Microsoft Visual Studio Solution File, Format Version 12.00
# Visual Studio Version 16
VisualStudioVersion = 16.0.31321.278
MinimumVisualStudioVersion = 10.0.40219.1
Project("{FAE04EC0-301F-11D3-BF4B-00C04F79EFBC}") = "netflix", "MODE_deconnecter\netflix.csproj", "{4AFA57C6-0ECA-4A48-B203-9FCC7A2D885B}"
EndProject
Global
	GlobalSection(SolutionConfigurationPlatforms) = preSolution
		Debug|Any CPU = Debug|Any CPU
		Release|Any CPU = Release|Any CPU
	EndGlobalSection
	GlobalSection(ProjectConfigurationPlatforms) = postSolution
		{4AFA57C6-0ECA-4A48-B203-9FCC7A2D885B}.Debug|Any CPU.ActiveCfg = Debug|Any CPU
		{4AFA57C6-0ECA-4A48-B203-9FCC7A2D885B}.Debug|Any CPU.Build.0 = Debug|Any CPU
		{4AFA57C6-0ECA-4A48-B203-9FCC7A2D885B}.Release|Any CPU.ActiveCfg = Release|Any CPU
		{4AFA57C6-0ECA-4A48-B203-9FCC7A2D885B}.Release|Any CPU.Build.0 = Release|Any CPU
	EndGlobalSection
	GlobalSection(SolutionProperties) = preSolution
		HideSolutionNode = FALSE
	EndGlobalSection
	GlobalSection(ExtensibilityGlobals) = postSolution
		SolutionGuid = {C48E1A17-F0D2-4F1E-8BF4-46999B5DFE91}
	EndGlobalSection
EndGlobal
